{
  "name": "CyBer",
  "version": "1.0.0",
  "lockfileVersion": 1,
  "requires": true,
  "dependencies": {
    "babel-polyfill": {
      "version": "6.26.0",
      "resolved": "https://registry.npmjs.org/babel-polyfill/-/babel-polyfill-6.26.0.tgz",
      "integrity": "sha1-N5k3q8Z9eJWXCtxiHyhM2WbPIVM=",
      "requires": {
        "babel-runtime": "^6.26.0",
        "core-js": "^2.5.0",
        "regenerator-runtime": "^0.10.5"
      }
    },
    "babel-runtime": {
      "version": "6.26.0",
      "resolved": "https://registry.npmjs.org/babel-runtime/-/babel-runtime-6.26.0.tgz",
      "integrity": "sha1-llxwWGaOgrVde/4E/yM3vItWR/4=",
      "requires": {
        "core-js": "^2.4.0",
        "regenerator-runtime": "^0.11.0"
      },
      "dependencies": {
        "regenerator-runtime": {
          "version": "0.11.1",
          "resolved": "https://registry.npmjs.org/regenerator-runtime/-/regenerator-runtime-0.11.1.tgz",
          "integrity": "sha512-MguG95oij0fC3QV3URf4V2SDYGJhJnJGqvIIgdECeODCT98wSWDAJ94SSuVpYQUoTcGUIL6L4yNB7j1DFFHSBg=="
        }
      }
    },
    "bignumber-to-string": {
      "version": "0.1.4",
      "resolved": "https://registry.npmjs.org/bignumber-to-string/-/bignumber-to-string-0.1.4.tgz",
      "integrity": "sha1-nEeplNNwQrQGKhNcDBnHA6geY00="
    },
    "bignumber.js": {
      "version": "git+https://github.com/frozeman/bignumber.js-nolookahead.git#57692b3ecfc98bbdd6b3a516cb2353652ea49934",
      "from": "git+https://github.com/frozeman/bignumber.js-nolookahead.git"
    },
    "bignumberjson": {
      "version": "1.0.1",
      "resolved": "https://registry.npmjs.org/bignumberjson/-/bignumberjson-1.0.1.tgz",
      "integrity": "sha512-8i+KvQMubrldSnlv9iDTDeVE2YhbaFXZ7MrE9JxPfkf/LdkL1P1ga2DmLFYLracw75Mo6K947QK07mZClZvEkw=="
    },
    "cookiejar": {
      "version": "2.1.2",
      "resolved": "https://registry.npmjs.org/cookiejar/-/cookiejar-2.1.2.tgz",
      "integrity": "sha512-Mw+adcfzPxcPeI+0WlvRrr/3lGVO0bD75SxX6811cxSh1Wbxx7xZBGK1eVtDf6si8rg2lhnUjsVLMFMfbRIuwA=="
    },
    "core-js": {
      "version": "2.5.7",
      "resolved": "https://registry.npmjs.org/core-js/-/core-js-2.5.7.tgz",
      "integrity": "sha512-RszJCAxg/PP6uzXVXL6BsxSXx/B05oJAQ2vkJRjyjrEcNVycaqOmNb5OTxZPE3xa5gwZduqza6L9JOCenh/Ecw=="
    },
    "crypto-js": {
      "version": "3.1.8",
      "resolved": "https://registry.npmjs.org/crypto-js/-/crypto-js-3.1.8.tgz",
      "integrity": "sha1-cV8HC/YBTyrpkqmLOSkli3E/CNU="
    },
    "js-sha3": {
      "version": "0.8.0",
      "resolved": "https://registry.npmjs.org/js-sha3/-/js-sha3-0.8.0.tgz",
      "integrity": "sha512-gF1cRrHhIzNfToc802P800N8PpXS+evLLXfsVpowqmAFR9uwbi89WvXg2QspOmXL8QL86J4T1EpFu+yUkwJY3Q=="
    },
    "openzeppelin-solidity": {
      "version": "1.11.0",
      "resolved": "https://registry.npmjs.org/openzeppelin-solidity/-/openzeppelin-solidity-1.11.0.tgz",
      "integrity": "sha512-s4hFpQ9nMvFQBUuY0OJ7PfvSEprPcUph/YGvlgqJYQc6rNjsreRSj9Iq6ftTFI2anlECvWg/wWnNdPq4Tih1FA=="
    },
    "regenerator-runtime": {
      "version": "0.10.5",
      "resolved": "https://registry.npmjs.org/regenerator-runtime/-/regenerator-runtime-0.10.5.tgz",
      "integrity": "sha1-M2w+/BIgrc7dosn6tntaeVWjNlg="
    },
    "utf8": {
      "version": "2.1.2",
      "resolved": "https://registry.npmjs.org/utf8/-/utf8-2.1.2.tgz",
      "integrity": "sha1-H6DZJw6b6FDZsFAn9jUZv0ZFfZY="
    },
    "web3": {
      "version": "github:ethereum/web3.js#f55cfae489f4a28d7205970bd61ed6e2c05de093",
      "from": "github:ethereum/web3.js",
      "requires": {
        "bignumber.js": "git+https://github.com/frozeman/bignumber.js-nolookahead.git#57692b3ecfc98bbdd6b3a516cb2353652ea49934",
        "crypto-js": "^3.1.4",
        "utf8": "^2.1.1",
        "xhr2-cookies": "^1.1.0",
        "xmlhttprequest": "*"
      }
    },
    "xhr2-cookies": {
      "version": "1.1.0",
      "resolved": "https://registry.npmjs.org/xhr2-cookies/-/xhr2-cookies-1.1.0.tgz",
      "integrity": "sha1-fXdEnQmZGX8VXLc7I99yUF7YnUg=",
      "requires": {
        "cookiejar": "^2.1.1"
      }
    },
    "xmlhttprequest": {
      "version": "1.8.0",
      "resolved": "https://registry.npmjs.org/xmlhttprequest/-/xmlhttprequest-1.8.0.tgz",
      "integrity": "sha1-Z/4HXFwk/vOfnWX197f+dRcZaPw="
    }
  }
}
